
Microsoft Visual Studio Solution File, Format Version 12.00
# Visual Studio Version 17
VisualStudioVersion = 17.1.32210.238
MinimumVisualStudioVersion = 10.0.40219.1
Project("{FAE04EC0-301F-11D3-BF4B-00C04F79EFBC}") = "테트리스만들기", "테트리스만들기.csproj", "{4462601F-FA48-4734-9539-B7EBDF0B254B}"
EndProject
Global
	GlobalSection(SolutionConfigurationPlatforms) = preSolution
		Debug|Any CPU = Debug|Any CPU
		Release|Any CPU = Release|Any CPU
	EndGlobalSection
	GlobalSection(ProjectConfigurationPlatforms) = postSolution
		{4462601F-FA48-4734-9539-B7EBDF0B254B}.Debug|Any CPU.ActiveCfg = Debug|Any CPU
		{4462601F-FA48-4734-9539-B7EBDF0B254B}.Debug|Any CPU.Build.0 = Debug|Any CPU
		{4462601F-FA48-4734-9539-B7EBDF0B254B}.Release|Any CPU.ActiveCfg = Release|Any CPU
		{4462601F-FA48-4734-9539-B7EBDF0B254B}.Release|Any CPU.Build.0 = Release|Any CPU
	EndGlobalSection
	GlobalSection(SolutionProperties) = preSolution
		HideSolutionNode = FALSE
	EndGlobalSection
	GlobalSection(ExtensibilityGlobals) = postSolution
		SolutionGuid = {7B929D8D-1179-479D-B1E1-AE954A45991B}
	EndGlobalSection
EndGlobal
